
Microsoft Visual Studio Solution File, Format Version 12.00
# Visual Studio Version 17
VisualStudioVersion = 17.0.31903.59
MinimumVisualStudioVersion = 10.0.40219.1
Project("{FAE04EC0-301F-11D3-BF4B-00C04F79EFBC}") = "Books", "Books.csproj", "{01A839AE-B71C-4553-93B2-434F4A0FE551}"
EndProject
Global
	GlobalSection(SolutionConfigurationPlatforms) = preSolution
		Debug|Any CPU = Debug|Any CPU
		Release|Any CPU = Release|Any CPU
	EndGlobalSection
	GlobalSection(ProjectConfigurationPlatforms) = postSolution
		{01A839AE-B71C-4553-93B2-434F4A0FE551}.Debug|Any CPU.ActiveCfg = Debug|Any CPU
		{01A839AE-B71C-4553-93B2-434F4A0FE551}.Debug|Any CPU.Build.0 = Debug|Any CPU
		{01A839AE-B71C-4553-93B2-434F4A0FE551}.Release|Any CPU.ActiveCfg = Release|Any CPU
		{01A839AE-B71C-4553-93B2-434F4A0FE551}.Release|Any CPU.Build.0 = Release|Any CPU
	EndGlobalSection
	GlobalSection(SolutionProperties) = preSolution
		HideSolutionNode = FALSE
	EndGlobalSection
	GlobalSection(ExtensibilityGlobals) = postSolution
		SolutionGuid = {DB4748DD-1B94-47FC-907B-5F2A45D34891}
	EndGlobalSection
EndGlobal
