
Microsoft Visual Studio Solution File, Format Version 12.00
# Visual Studio Version 17
VisualStudioVersion = 17.0.31903.59
MinimumVisualStudioVersion = 10.0.40219.1
Project("{FAE04EC0-301F-11D3-BF4B-00C04F79EFBC}") = "Laundry Management System", "Laundry Management System.csproj", "{251EEFD6-08B3-4DF7-9DBE-5D5058A5B857}"
EndProject
Global
	GlobalSection(SolutionConfigurationPlatforms) = preSolution
		Debug|Any CPU = Debug|Any CPU
		Release|Any CPU = Release|Any CPU
	EndGlobalSection
	GlobalSection(ProjectConfigurationPlatforms) = postSolution
		{251EEFD6-08B3-4DF7-9DBE-5D5058A5B857}.Debug|Any CPU.ActiveCfg = Debug|Any CPU
		{251EEFD6-08B3-4DF7-9DBE-5D5058A5B857}.Debug|Any CPU.Build.0 = Debug|Any CPU
		{251EEFD6-08B3-4DF7-9DBE-5D5058A5B857}.Release|Any CPU.ActiveCfg = Release|Any CPU
		{251EEFD6-08B3-4DF7-9DBE-5D5058A5B857}.Release|Any CPU.Build.0 = Release|Any CPU
	EndGlobalSection
	GlobalSection(SolutionProperties) = preSolution
		HideSolutionNode = FALSE
	EndGlobalSection
	GlobalSection(ExtensibilityGlobals) = postSolution
		SolutionGuid = {0450AD8A-98B1-4DEA-9B7F-6B86B04BA654}
	EndGlobalSection
EndGlobal
